
Microsoft Visual Studio Solution File, Format Version 12.00
# Visual Studio Version 16
VisualStudioVersion = 16.0.30225.117
MinimumVisualStudioVersion = 10.0.40219.1
Project("{FAE04EC0-301F-11D3-BF4B-00C04F79EFBC}") = "dotNetTutorial", "dotNetTutorial\dotNetTutorial.csproj", "{BE462D88-B5FF-4978-8BD1-7DA9BEB6A51F}"
EndProject
Global
	GlobalSection(SolutionConfigurationPlatforms) = preSolution
		Debug|Any CPU = Debug|Any CPU
		Release|Any CPU = Release|Any CPU
	EndGlobalSection
	GlobalSection(ProjectConfigurationPlatforms) = postSolution
		{BE462D88-B5FF-4978-8BD1-7DA9BEB6A51F}.Debug|Any CPU.ActiveCfg = Debug|Any CPU
		{BE462D88-B5FF-4978-8BD1-7DA9BEB6A51F}.Debug|Any CPU.Build.0 = Debug|Any CPU
		{BE462D88-B5FF-4978-8BD1-7DA9BEB6A51F}.Release|Any CPU.ActiveCfg = Release|Any CPU
		{BE462D88-B5FF-4978-8BD1-7DA9BEB6A51F}.Release|Any CPU.Build.0 = Release|Any CPU
	EndGlobalSection
	GlobalSection(SolutionProperties) = preSolution
		HideSolutionNode = FALSE
	EndGlobalSection
	GlobalSection(ExtensibilityGlobals) = postSolution
		SolutionGuid = {179245D9-8A0B-4635-9BFE-1C7AA88394DF}
	EndGlobalSection
EndGlobal
